
Microsoft Visual Studio Solution File, Format Version 12.00
# Visual Studio Version 17
VisualStudioVersion = 17.7.34018.315
MinimumVisualStudioVersion = 10.0.40219.1
Project("{FAE04EC0-301F-11D3-BF4B-00C04F79EFBC}") = "SwitchCase", "SwitchCase\SwitchCase.csproj", "{DBCB3CD7-1EC7-4794-8A3B-AE917B9AB89B}"
EndProject
Global
	GlobalSection(SolutionConfigurationPlatforms) = preSolution
		Debug|Any CPU = Debug|Any CPU
		Release|Any CPU = Release|Any CPU
	EndGlobalSection
	GlobalSection(ProjectConfigurationPlatforms) = postSolution
		{DBCB3CD7-1EC7-4794-8A3B-AE917B9AB89B}.Debug|Any CPU.ActiveCfg = Debug|Any CPU
		{DBCB3CD7-1EC7-4794-8A3B-AE917B9AB89B}.Debug|Any CPU.Build.0 = Debug|Any CPU
		{DBCB3CD7-1EC7-4794-8A3B-AE917B9AB89B}.Release|Any CPU.ActiveCfg = Release|Any CPU
		{DBCB3CD7-1EC7-4794-8A3B-AE917B9AB89B}.Release|Any CPU.Build.0 = Release|Any CPU
	EndGlobalSection
	GlobalSection(SolutionProperties) = preSolution
		HideSolutionNode = FALSE
	EndGlobalSection
	GlobalSection(ExtensibilityGlobals) = postSolution
		SolutionGuid = {18BC35AF-7F15-4EB9-8C17-EA0ADFF3667F}
	EndGlobalSection
EndGlobal
