
Microsoft Visual Studio Solution File, Format Version 12.00
# Visual Studio Version 17
VisualStudioVersion = 17.7.34018.315
MinimumVisualStudioVersion = 10.0.40219.1
Project("{FAE04EC0-301F-11D3-BF4B-00C04F79EFBC}") = "Arrays", "Arrays\Arrays.csproj", "{C30617BB-F9A4-44FF-8335-D1CE20F6BF76}"
EndProject
Global
	GlobalSection(SolutionConfigurationPlatforms) = preSolution
		Debug|Any CPU = Debug|Any CPU
		Release|Any CPU = Release|Any CPU
	EndGlobalSection
	GlobalSection(ProjectConfigurationPlatforms) = postSolution
		{C30617BB-F9A4-44FF-8335-D1CE20F6BF76}.Debug|Any CPU.ActiveCfg = Debug|Any CPU
		{C30617BB-F9A4-44FF-8335-D1CE20F6BF76}.Debug|Any CPU.Build.0 = Debug|Any CPU
		{C30617BB-F9A4-44FF-8335-D1CE20F6BF76}.Release|Any CPU.ActiveCfg = Release|Any CPU
		{C30617BB-F9A4-44FF-8335-D1CE20F6BF76}.Release|Any CPU.Build.0 = Release|Any CPU
	EndGlobalSection
	GlobalSection(SolutionProperties) = preSolution
		HideSolutionNode = FALSE
	EndGlobalSection
	GlobalSection(ExtensibilityGlobals) = postSolution
		SolutionGuid = {EABBB089-31D6-405D-9ECA-AC6EA8FDC45D}
	EndGlobalSection
EndGlobal
