
Microsoft Visual Studio Solution File, Format Version 12.00
# Visual Studio Version 17
VisualStudioVersion = 17.7.34018.315
MinimumVisualStudioVersion = 10.0.40219.1
Project("{FAE04EC0-301F-11D3-BF4B-00C04F79EFBC}") = "Produtos", "Produtos\Produtos.csproj", "{B1F5067A-590C-413E-AFFA-22506CC915DB}"
EndProject
Global
	GlobalSection(SolutionConfigurationPlatforms) = preSolution
		Debug|Any CPU = Debug|Any CPU
		Release|Any CPU = Release|Any CPU
	EndGlobalSection
	GlobalSection(ProjectConfigurationPlatforms) = postSolution
		{B1F5067A-590C-413E-AFFA-22506CC915DB}.Debug|Any CPU.ActiveCfg = Debug|Any CPU
		{B1F5067A-590C-413E-AFFA-22506CC915DB}.Debug|Any CPU.Build.0 = Debug|Any CPU
		{B1F5067A-590C-413E-AFFA-22506CC915DB}.Release|Any CPU.ActiveCfg = Release|Any CPU
		{B1F5067A-590C-413E-AFFA-22506CC915DB}.Release|Any CPU.Build.0 = Release|Any CPU
	EndGlobalSection
	GlobalSection(SolutionProperties) = preSolution
		HideSolutionNode = FALSE
	EndGlobalSection
	GlobalSection(ExtensibilityGlobals) = postSolution
		SolutionGuid = {B48CA163-81A8-4BA1-B0CF-D1326424FB4C}
	EndGlobalSection
EndGlobal
